
Microsoft Visual Studio Solution File, Format Version 12.00
# Visual Studio Version 17
VisualStudioVersion = 17.4.33213.308
MinimumVisualStudioVersion = 10.0.40219.1
Project("{FAE04EC0-301F-11D3-BF4B-00C04F79EFBC}") = "Deleeeeet", "Deleeeeet\Deleeeeet.csproj", "{368FBE3B-3AB9-4E86-92AA-F0D29A19F7F0}"
EndProject
Project("{FAE04EC0-301F-11D3-BF4B-00C04F79EFBC}") = "TestProject1", "TestProject1\TestProject1.csproj", "{21719593-8BAC-4086-A66A-AE94DFC75923}"
EndProject
Project("{FAE04EC0-301F-11D3-BF4B-00C04F79EFBC}") = "Deleeeeet.Model", "Deleeeeet.Model\Deleeeeet.Model.csproj", "{03B8EEE2-2201-4375-9CAF-2E67764CB795}"
EndProject
Global
	GlobalSection(SolutionConfigurationPlatforms) = preSolution
		Debug|Any CPU = Debug|Any CPU
		Release|Any CPU = Release|Any CPU
	EndGlobalSection
	GlobalSection(ProjectConfigurationPlatforms) = postSolution
		{368FBE3B-3AB9-4E86-92AA-F0D29A19F7F0}.Debug|Any CPU.ActiveCfg = Debug|Any CPU
		{368FBE3B-3AB9-4E86-92AA-F0D29A19F7F0}.Debug|Any CPU.Build.0 = Debug|Any CPU
		{368FBE3B-3AB9-4E86-92AA-F0D29A19F7F0}.Release|Any CPU.ActiveCfg = Release|Any CPU
		{368FBE3B-3AB9-4E86-92AA-F0D29A19F7F0}.Release|Any CPU.Build.0 = Release|Any CPU
		{21719593-8BAC-4086-A66A-AE94DFC75923}.Debug|Any CPU.ActiveCfg = Debug|Any CPU
		{21719593-8BAC-4086-A66A-AE94DFC75923}.Debug|Any CPU.Build.0 = Debug|Any CPU
		{21719593-8BAC-4086-A66A-AE94DFC75923}.Release|Any CPU.ActiveCfg = Release|Any CPU
		{21719593-8BAC-4086-A66A-AE94DFC75923}.Release|Any CPU.Build.0 = Release|Any CPU
		{03B8EEE2-2201-4375-9CAF-2E67764CB795}.Debug|Any CPU.ActiveCfg = Debug|Any CPU
		{03B8EEE2-2201-4375-9CAF-2E67764CB795}.Debug|Any CPU.Build.0 = Debug|Any CPU
		{03B8EEE2-2201-4375-9CAF-2E67764CB795}.Release|Any CPU.ActiveCfg = Release|Any CPU
		{03B8EEE2-2201-4375-9CAF-2E67764CB795}.Release|Any CPU.Build.0 = Release|Any CPU
	EndGlobalSection
	GlobalSection(SolutionProperties) = preSolution
		HideSolutionNode = FALSE
	EndGlobalSection
	GlobalSection(ExtensibilityGlobals) = postSolution
		SolutionGuid = {E7CAB205-1A8B-4C63-9887-2257153A2BAE}
	EndGlobalSection
EndGlobal
